{
	"name": "rng-miner",
	"version": "1.0.11",
	"lockfileVersion": 1,
	"requires": true,
	"dependencies": {
		"async": {
			"version": "2.6.2",
			"resolved": "http://registry.npm.taobao.org/async/download/async-2.6.2.tgz",
			"integrity": "sha1-GDMOp+bjE4h/XS8qkEusb+TdU4E=",
			"requires": {
				"lodash": "^4.17.11"
			}
		},
		"bindings": {
			"version": "1.2.1",
			"resolved": "http://registry.npm.taobao.org/bindings/download/bindings-1.2.1.tgz",
			"integrity": "sha1-FK1hE4EtLTfXLme0ystLtyZQXxE="
		},
		"debug": {
			"version": "2.6.9",
			"resolved": "http://registry.npm.taobao.org/debug/download/debug-2.6.9.tgz?cache=0&other_urls=http%3A%2F%2Fregistry.npm.taobao.org%2Fdebug%2Fdownload%2Fdebug-2.6.9.tgz",
			"integrity": "sha1-XRKFFd8TT/Mn6QpMk/Tgd6U2NB8=",
			"requires": {
				"ms": "2.0.0"
			}
		},
		"duplexer": {
			"version": "0.1.1",
			"resolved": "http://registry.npm.taobao.org/duplexer/download/duplexer-0.1.1.tgz",
			"integrity": "sha1-rOb/gIwc5mtX0ev5eXessCM0z8E="
		},
		"event-stream": {
			"version": "3.3.5",
			"resolved": "http://registry.npm.taobao.org/event-stream/download/event-stream-3.3.5.tgz",
			"integrity": "sha1-5d2JiVQ2MNlMbPTWVxIDQfoxY2s=",
			"requires": {
				"duplexer": "^0.1.1",
				"from": "^0.1.7",
				"map-stream": "0.0.7",
				"pause-stream": "^0.0.11",
				"split": "^1.0.1",
				"stream-combiner": "^0.2.2",
				"through": "^2.3.8"
			}
		},
		"ffi": {
			"version": "2.3.0",
			"resolved": "http://registry.npm.taobao.org/ffi/download/ffi-2.3.0.tgz",
			"integrity": "sha1-+hp7PYXA+oyD2WlHpktRkrxH+Fg=",
			"requires": {
				"bindings": "~1.2.0",
				"debug": "2",
				"nan": "2",
				"ref": "1",
				"ref-struct": "1"
			}
		},
		"from": {
			"version": "0.1.7",
			"resolved": "http://registry.npm.taobao.org/from/download/from-0.1.7.tgz",
			"integrity": "sha1-g8YK/Fi5xWmXAH7Rp2izqzA6RP4="
		},
		"lodash": {
			"version": "4.17.11",
			"resolved": "http://registry.npm.taobao.org/lodash/download/lodash-4.17.11.tgz?cache=0&other_urls=http%3A%2F%2Fregistry.npm.taobao.org%2Flodash%2Fdownload%2Flodash-4.17.11.tgz",
			"integrity": "sha1-s56mIp72B+zYniyN8SU2iRysm40="
		},
		"map-stream": {
			"version": "0.0.7",
			"resolved": "http://registry.npm.taobao.org/map-stream/download/map-stream-0.0.7.tgz",
			"integrity": "sha1-ih8HiW2CsQkmvTdEokIACfiJdKg="
		},
		"ms": {
			"version": "2.0.0",
			"resolved": "http://registry.npm.taobao.org/ms/download/ms-2.0.0.tgz",
			"integrity": "sha1-VgiurfwAvmwpAd9fmGF4jeDVl8g="
		},
		"nan": {
			"version": "2.13.2",
			"resolved": "http://registry.npm.taobao.org/nan/download/nan-2.13.2.tgz",
			"integrity": "sha1-9R3Hrma6fV1V4ebU2AkugCya7+c="
		},
		"pause-stream": {
			"version": "0.0.11",
			"resolved": "http://registry.npm.taobao.org/pause-stream/download/pause-stream-0.0.11.tgz",
			"integrity": "sha1-/lo0sMvOErWqaitAPuLnO2AvFEU=",
			"requires": {
				"through": "~2.3"
			}
		},
		"ref": {
			"version": "1.3.5",
			"resolved": "http://registry.npm.taobao.org/ref/download/ref-1.3.5.tgz",
			"integrity": "sha1-DjPwgM25Sj2VMSsrOx/Q+CBEyg8=",
			"requires": {
				"bindings": "1",
				"debug": "2",
				"nan": "2"
			}
		},
		"ref-struct": {
			"version": "1.1.0",
			"resolved": "http://registry.npm.taobao.org/ref-struct/download/ref-struct-1.1.0.tgz",
			"integrity": "sha1-XV7mWtQc78Olxf60BYcmHkee3BM=",
			"requires": {
				"debug": "2",
				"ref": "1"
			}
		},
		"split": {
			"version": "1.0.1",
			"resolved": "http://registry.npm.taobao.org/split/download/split-1.0.1.tgz",
			"integrity": "sha1-YFvZvjA6pZ+zX5Ip++oN3snqB9k=",
			"requires": {
				"through": "2"
			}
		},
		"stream-combiner": {
			"version": "0.2.2",
			"resolved": "http://registry.npm.taobao.org/stream-combiner/download/stream-combiner-0.2.2.tgz",
			"integrity": "sha1-rsjLrBd7Vrb0+kec7YwZEs7lKFg=",
			"requires": {
				"duplexer": "~0.1.1",
				"through": "~2.3.4"
			}
		},
		"through": {
			"version": "2.3.8",
			"resolved": "http://registry.npm.taobao.org/through/download/through-2.3.8.tgz",
			"integrity": "sha1-DdTJ/6q8NXlgsbckEV1+Doai4fU="
		}
	}
}
